
Microsoft Visual Studio Solution File, Format Version 12.00
# Visual Studio 15
Project("{FAE04EC0-301F-11D3-BF4B-00C04F79EFBC}") = "UnityEngine.TestRunner", "UnityEngine.TestRunner.csproj", "{831FCBD4-BA0A-EA2B-8291-3C8D000FDBAD}"
EndProject
Project("{FAE04EC0-301F-11D3-BF4B-00C04F79EFBC}") = "UnityEngine.UI", "UnityEngine.UI.csproj", "{7D15F0E6-6BBA-B074-3C17-52F6D3EC70D5}"
EndProject
Project("{FAE04EC0-301F-11D3-BF4B-00C04F79EFBC}") = "Unity.VisualScripting.Flow", "Unity.VisualScripting.Flow.csproj", "{CE26A120-3E71-EE43-F077-C5ADA7EB0DF9}"
EndProject
Project("{FAE04EC0-301F-11D3-BF4B-00C04F79EFBC}") = "Unity.Mathematics", "Unity.Mathematics.csproj", "{44B8D887-DF43-413A-7F82-7E04635E57B6}"
EndProject
Project("{FAE04EC0-301F-11D3-BF4B-00C04F79EFBC}") = "Unity.VisualScripting.State", "Unity.VisualScripting.State.csproj", "{3F367FBA-534D-0CD3-66A3-A4AE240DDFFA}"
EndProject
Project("{FAE04EC0-301F-11D3-BF4B-00C04F79EFBC}") = "Unity.VisualScripting.Core", "Unity.VisualScripting.Core.csproj", "{F137C975-4007-3A69-C954-C3E619BD8639}"
EndProject
Project("{FAE04EC0-301F-11D3-BF4B-00C04F79EFBC}") = "Unity.2D.Animation.Runtime", "Unity.2D.Animation.Runtime.csproj", "{04FCF676-E626-059D-AEA1-316407B30ED0}"
EndProject
Project("{FAE04EC0-301F-11D3-BF4B-00C04F79EFBC}") = "Unity.TextMeshPro", "Unity.TextMeshPro.csproj", "{FBDB7CBB-CA08-369E-9B47-0B08F88FBCF2}"
EndProject
Project("{FAE04EC0-301F-11D3-BF4B-00C04F79EFBC}") = "Unity.Timeline", "Unity.Timeline.csproj", "{A8C264CB-DB54-C399-8799-883DF8196B86}"
EndProject
Project("{FAE04EC0-301F-11D3-BF4B-00C04F79EFBC}") = "Unity.Burst", "Unity.Burst.csproj", "{255164D0-0F13-72DA-001C-9935814D8AAC}"
EndProject
Project("{FAE04EC0-301F-11D3-BF4B-00C04F79EFBC}") = "Unity.2D.SpriteShape.Runtime", "Unity.2D.SpriteShape.Runtime.csproj", "{A435D718-F13E-5F37-8B90-A6549E0F5BA4}"
EndProject
Project("{FAE04EC0-301F-11D3-BF4B-00C04F79EFBC}") = "Unity.2D.PixelPerfect", "Unity.2D.PixelPerfect.csproj", "{3BC20761-2D3A-5207-EA09-0E94AA2342FC}"
EndProject
Project("{FAE04EC0-301F-11D3-BF4B-00C04F79EFBC}") = "Unity.2D.Common.Runtime", "Unity.2D.Common.Runtime.csproj", "{E8DA0638-7D5F-F787-7A39-A2BD1F8926BF}"
EndProject
Project("{FAE04EC0-301F-11D3-BF4B-00C04F79EFBC}") = "Unity.2D.IK.Runtime", "Unity.2D.IK.Runtime.csproj", "{CE75ADD8-B287-7910-A961-1C3165415CFB}"
EndProject
Project("{FAE04EC0-301F-11D3-BF4B-00C04F79EFBC}") = "Unity.2D.Tilemap.Extras", "Unity.2D.Tilemap.Extras.csproj", "{B37E1D10-D1E3-A709-ADB7-4D53DE983511}"
EndProject
Project("{FAE04EC0-301F-11D3-BF4B-00C04F79EFBC}") = "Unity.InternalAPIEngineBridge.001", "Unity.InternalAPIEngineBridge.001.csproj", "{9FDC93AB-FC6C-700E-9248-5FEC50092DEE}"
EndProject
Project("{FAE04EC0-301F-11D3-BF4B-00C04F79EFBC}") = "Assembly-CSharp", "Assembly-CSharp.csproj", "{DBCE4277-5131-358B-4076-1D9D6A809690}"
EndProject
Project("{FAE04EC0-301F-11D3-BF4B-00C04F79EFBC}") = "Unity.PlasticSCM.Editor", "Unity.PlasticSCM.Editor.csproj", "{21A3BAD9-23F7-C123-F461-1777EF5D447F}"
EndProject
Project("{FAE04EC0-301F-11D3-BF4B-00C04F79EFBC}") = "Unity.VisualScripting.Core.Editor", "Unity.VisualScripting.Core.Editor.csproj", "{07379B57-DD2B-0B3C-3453-FAEE16E0DEC2}"
EndProject
Project("{FAE04EC0-301F-11D3-BF4B-00C04F79EFBC}") = "Unity.VisualScripting.Flow.Editor", "Unity.VisualScripting.Flow.Editor.csproj", "{0FAE90FE-89BB-BB27-98FF-A10542BEE4C4}"
EndProject
Project("{FAE04EC0-301F-11D3-BF4B-00C04F79EFBC}") = "Unity.2D.Aseprite.Editor", "Unity.2D.Aseprite.Editor.csproj", "{9425D7B4-279C-C1B9-3423-08396F07FCF4}"
EndProject
Project("{FAE04EC0-301F-11D3-BF4B-00C04F79EFBC}") = "Unity.VisualStudio.Editor", "Unity.VisualStudio.Editor.csproj", "{298FBA8B-962C-6C84-5390-80E4445903F1}"
EndProject
Project("{FAE04EC0-301F-11D3-BF4B-00C04F79EFBC}") = "Unity.Timeline.Editor", "Unity.Timeline.Editor.csproj", "{234DA569-8F27-B4DC-BBF7-AFBFFC072A13}"
EndProject
Project("{FAE04EC0-301F-11D3-BF4B-00C04F79EFBC}") = "Unity.Burst.CodeGen", "Unity.Burst.CodeGen.csproj", "{32F18D2E-E148-CC97-A982-F434E25D1538}"
EndProject
Project("{FAE04EC0-301F-11D3-BF4B-00C04F79EFBC}") = "Unity.VisualScripting.State.Editor", "Unity.VisualScripting.State.Editor.csproj", "{567C184F-4CC2-3E3E-5652-A89E456CF673}"
EndProject
Project("{FAE04EC0-301F-11D3-BF4B-00C04F79EFBC}") = "Unity.TextMeshPro.Editor", "Unity.TextMeshPro.Editor.csproj", "{DBBF7CF1-F7FB-C131-6543-FA9D8A208E41}"
EndProject
Project("{FAE04EC0-301F-11D3-BF4B-00C04F79EFBC}") = "Unity.Burst.Editor", "Unity.Burst.Editor.csproj", "{806C5A21-4141-C317-7EA2-1E148B065FC5}"
EndProject
Project("{FAE04EC0-301F-11D3-BF4B-00C04F79EFBC}") = "Unity.2D.PixelPerfect.Editor", "Unity.2D.PixelPerfect.Editor.csproj", "{171AEE5B-8C61-2BAA-5756-90B3048848CB}"
EndProject
Project("{FAE04EC0-301F-11D3-BF4B-00C04F79EFBC}") = "Unity.2D.Animation.Editor", "Unity.2D.Animation.Editor.csproj", "{117040F7-44FB-AB6D-ABEB-23B1D1B3982C}"
EndProject
Project("{FAE04EC0-301F-11D3-BF4B-00C04F79EFBC}") = "Unity.VisualScripting.SettingsProvider.Editor", "Unity.VisualScripting.SettingsProvider.Editor.csproj", "{98800EEF-7AA2-1538-86FE-B43D66612702}"
EndProject
Project("{FAE04EC0-301F-11D3-BF4B-00C04F79EFBC}") = "Unity.2D.Psdimporter.Editor", "Unity.2D.Psdimporter.Editor.csproj", "{B3FA9D01-8225-DF47-C41C-15C5FB1B21A3}"
EndProject
Project("{FAE04EC0-301F-11D3-BF4B-00C04F79EFBC}") = "UnityEditor.TestRunner", "UnityEditor.TestRunner.csproj", "{2AF9C047-1C1B-C7B2-9F7D-4E0CA61B3F62}"
EndProject
Project("{FAE04EC0-301F-11D3-BF4B-00C04F79EFBC}") = "Unity.2D.Tilemap.Editor", "Unity.2D.Tilemap.Editor.csproj", "{3BDE72FD-5525-7320-21EA-079D7D004E56}"
EndProject
Project("{FAE04EC0-301F-11D3-BF4B-00C04F79EFBC}") = "Unity.Rider.Editor", "Unity.Rider.Editor.csproj", "{67439F8C-5741-39E2-8A96-F78C6CA98EC3}"
EndProject
Project("{FAE04EC0-301F-11D3-BF4B-00C04F79EFBC}") = "Unity.2D.Path.Editor", "Unity.2D.Path.Editor.csproj", "{BC644AC8-67FF-FCA9-2A74-681846050CFB}"
EndProject
Project("{FAE04EC0-301F-11D3-BF4B-00C04F79EFBC}") = "PsdPlugin", "PsdPlugin.csproj", "{1B8A2F0C-E94F-D872-F2DB-B12D90D6345D}"
EndProject
Project("{FAE04EC0-301F-11D3-BF4B-00C04F79EFBC}") = "Unity.2D.IK.Editor", "Unity.2D.IK.Editor.csproj", "{2EE3C1BB-2625-9FDE-32FB-865DAEFF962B}"
EndProject
Project("{FAE04EC0-301F-11D3-BF4B-00C04F79EFBC}") = "Unity.2D.SpriteShape.Editor", "Unity.2D.SpriteShape.Editor.csproj", "{1CF16E41-76DC-CE4B-C0F4-A9FDE17CFEE3}"
EndProject
Project("{FAE04EC0-301F-11D3-BF4B-00C04F79EFBC}") = "Unity.VSCode.Editor", "Unity.VSCode.Editor.csproj", "{F3CE172D-A106-A433-A271-98F1FD694145}"
EndProject
Project("{FAE04EC0-301F-11D3-BF4B-00C04F79EFBC}") = "Unity.2D.Sprite.Editor", "Unity.2D.Sprite.Editor.csproj", "{935E0397-76E6-C8D7-DEB8-5A43B7145104}"
EndProject
Project("{FAE04EC0-301F-11D3-BF4B-00C04F79EFBC}") = "UnityEditor.UI", "UnityEditor.UI.csproj", "{C1DDB3B8-15DF-4101-7A56-9B24BC0D6DF2}"
EndProject
Project("{FAE04EC0-301F-11D3-BF4B-00C04F79EFBC}") = "Unity.2D.Common.Editor", "Unity.2D.Common.Editor.csproj", "{0C0060AF-4EFD-E008-1E35-EE7F5BA0EF17}"
EndProject
Project("{FAE04EC0-301F-11D3-BF4B-00C04F79EFBC}") = "Unity.CollabProxy.Editor", "Unity.CollabProxy.Editor.csproj", "{036844E2-576C-D178-1363-D345832B9B10}"
EndProject
Project("{FAE04EC0-301F-11D3-BF4B-00C04F79EFBC}") = "Unity.Mathematics.Editor", "Unity.Mathematics.Editor.csproj", "{EE81EB19-91F6-F482-C45E-5E4B37A3F7A0}"
EndProject
Project("{FAE04EC0-301F-11D3-BF4B-00C04F79EFBC}") = "Unity.InternalAPIEditorBridge.001", "Unity.InternalAPIEditorBridge.001.csproj", "{36E81338-7B55-A67D-E3DD-3F6F243B4B8E}"
EndProject
Project("{FAE04EC0-301F-11D3-BF4B-00C04F79EFBC}") = "Unity.2D.Tilemap.Extras.Editor", "Unity.2D.Tilemap.Extras.Editor.csproj", "{47607FDC-4A49-922A-5519-D1C2BCDC155D}"
EndProject
Project("{FAE04EC0-301F-11D3-BF4B-00C04F79EFBC}") = "Unity.VisualScripting.Shared.Editor", "Unity.VisualScripting.Shared.Editor.csproj", "{12B987E6-5D18-5BB0-FF41-2310129E00AA}"
EndProject
Project("{FAE04EC0-301F-11D3-BF4B-00C04F79EFBC}") = "Unity.2D.Aseprite.Common", "Unity.2D.Aseprite.Common.csproj", "{508CD4F4-A9FD-A2B4-B2B8-22615CD4E83B}"
EndProject
Project("{FAE04EC0-301F-11D3-BF4B-00C04F79EFBC}") = "UnityEngine.TestRunner", "UnityEngine.TestRunner.Player.csproj", "{EAC87600-A7DB-08BF-B0B4-E6DB55761430}"
EndProject
Project("{FAE04EC0-301F-11D3-BF4B-00C04F79EFBC}") = "UnityEngine.UI", "UnityEngine.UI.Player.csproj", "{B15CC786-EAAB-8C98-F785-3BCB72AF28E3}"
EndProject
Project("{FAE04EC0-301F-11D3-BF4B-00C04F79EFBC}") = "Unity.VisualScripting.Flow", "Unity.VisualScripting.Flow.Player.csproj", "{18DB1AE2-D6DC-2176-F86F-A7143A8F3348}"
EndProject
Project("{FAE04EC0-301F-11D3-BF4B-00C04F79EFBC}") = "Unity.Mathematics", "Unity.Mathematics.Player.csproj", "{053BAF94-431C-7CDB-5D56-0AFBC813D084}"
EndProject
Project("{FAE04EC0-301F-11D3-BF4B-00C04F79EFBC}") = "Unity.VisualScripting.State", "Unity.VisualScripting.State.Player.csproj", "{0B665440-B197-242B-F36D-A1C13E2876CB}"
EndProject
Project("{FAE04EC0-301F-11D3-BF4B-00C04F79EFBC}") = "Unity.VisualScripting.Core", "Unity.VisualScripting.Core.Player.csproj", "{9A063CFC-799C-A082-E158-F3BE55884C9E}"
EndProject
Project("{FAE04EC0-301F-11D3-BF4B-00C04F79EFBC}") = "Unity.2D.Animation.Runtime", "Unity.2D.Animation.Runtime.Player.csproj", "{62635608-A0E5-2EA8-C929-A2094186BE9A}"
EndProject
Project("{FAE04EC0-301F-11D3-BF4B-00C04F79EFBC}") = "Unity.TextMeshPro", "Unity.TextMeshPro.Player.csproj", "{6F4E25DB-A8C3-BBAD-EB79-2001C252F489}"
EndProject
Project("{FAE04EC0-301F-11D3-BF4B-00C04F79EFBC}") = "Unity.Timeline", "Unity.Timeline.Player.csproj", "{988B7515-D621-E8B3-BBDA-2729D1A33443}"
EndProject
Project("{FAE04EC0-301F-11D3-BF4B-00C04F79EFBC}") = "Unity.Burst", "Unity.Burst.Player.csproj", "{16E229AD-0C84-E075-E063-08857929046E}"
EndProject
Project("{FAE04EC0-301F-11D3-BF4B-00C04F79EFBC}") = "Unity.2D.SpriteShape.Runtime", "Unity.2D.SpriteShape.Runtime.Player.csproj", "{C51EE76B-B925-960F-0E08-6A7CA902815A}"
EndProject
Project("{FAE04EC0-301F-11D3-BF4B-00C04F79EFBC}") = "Unity.2D.PixelPerfect", "Unity.2D.PixelPerfect.Player.csproj", "{C57F3ABB-79AB-BAC4-4D7B-8E1D7DE19D4F}"
EndProject
Project("{FAE04EC0-301F-11D3-BF4B-00C04F79EFBC}") = "Unity.2D.Common.Runtime", "Unity.2D.Common.Runtime.Player.csproj", "{00287BEC-FDEB-DB7B-6204-E164D8EE817F}"
EndProject
Project("{FAE04EC0-301F-11D3-BF4B-00C04F79EFBC}") = "Unity.2D.IK.Runtime", "Unity.2D.IK.Runtime.Player.csproj", "{A8F7E430-85B8-7B1F-E20F-A2F04F3AC359}"
EndProject
Project("{FAE04EC0-301F-11D3-BF4B-00C04F79EFBC}") = "Unity.2D.Tilemap.Extras", "Unity.2D.Tilemap.Extras.Player.csproj", "{45112611-0572-459E-6A07-29695354360A}"
EndProject
Project("{FAE04EC0-301F-11D3-BF4B-00C04F79EFBC}") = "Unity.InternalAPIEngineBridge.001", "Unity.InternalAPIEngineBridge.001.Player.csproj", "{8BBD45C8-99B7-2E8B-15F5-35DDD170D9DC}"
EndProject
Project("{FAE04EC0-301F-11D3-BF4B-00C04F79EFBC}") = "Assembly-CSharp", "Assembly-CSharp.Player.csproj", "{2BB7DDE2-D0B8-FFCC-928E-02C6BADF5DE6}"
EndProject
Global
	GlobalSection(SolutionConfigurationPlatforms) = preSolution
		Debug|Any CPU = Debug|Any CPU
		Release|Any CPU = Release|Any CPU
	EndGlobalSection
	GlobalSection(ProjectConfigurationPlatforms) = postSolution
		{831FCBD4-BA0A-EA2B-8291-3C8D000FDBAD}.Debug|Any CPU.ActiveCfg = Debug|Any CPU
		{831FCBD4-BA0A-EA2B-8291-3C8D000FDBAD}.Debug|Any CPU.Build.0 = Debug|Any CPU
		{831FCBD4-BA0A-EA2B-8291-3C8D000FDBAD}.Release|Any CPU.ActiveCfg = Release|Any CPU
		{831FCBD4-BA0A-EA2B-8291-3C8D000FDBAD}.Release|Any CPU.Build.0 = Release|Any CPU
		{7D15F0E6-6BBA-B074-3C17-52F6D3EC70D5}.Debug|Any CPU.ActiveCfg = Debug|Any CPU
		{7D15F0E6-6BBA-B074-3C17-52F6D3EC70D5}.Debug|Any CPU.Build.0 = Debug|Any CPU
		{7D15F0E6-6BBA-B074-3C17-52F6D3EC70D5}.Release|Any CPU.ActiveCfg = Release|Any CPU
		{7D15F0E6-6BBA-B074-3C17-52F6D3EC70D5}.Release|Any CPU.Build.0 = Release|Any CPU
		{CE26A120-3E71-EE43-F077-C5ADA7EB0DF9}.Debug|Any CPU.ActiveCfg = Debug|Any CPU
		{CE26A120-3E71-EE43-F077-C5ADA7EB0DF9}.Debug|Any CPU.Build.0 = Debug|Any CPU
		{CE26A120-3E71-EE43-F077-C5ADA7EB0DF9}.Release|Any CPU.ActiveCfg = Release|Any CPU
		{CE26A120-3E71-EE43-F077-C5ADA7EB0DF9}.Release|Any CPU.Build.0 = Release|Any CPU
		{44B8D887-DF43-413A-7F82-7E04635E57B6}.Debug|Any CPU.ActiveCfg = Debug|Any CPU
		{44B8D887-DF43-413A-7F82-7E04635E57B6}.Debug|Any CPU.Build.0 = Debug|Any CPU
		{44B8D887-DF43-413A-7F82-7E04635E57B6}.Release|Any CPU.ActiveCfg = Release|Any CPU
		{44B8D887-DF43-413A-7F82-7E04635E57B6}.Release|Any CPU.Build.0 = Release|Any CPU
		{3F367FBA-534D-0CD3-66A3-A4AE240DDFFA}.Debug|Any CPU.ActiveCfg = Debug|Any CPU
		{3F367FBA-534D-0CD3-66A3-A4AE240DDFFA}.Debug|Any CPU.Build.0 = Debug|Any CPU
		{3F367FBA-534D-0CD3-66A3-A4AE240DDFFA}.Release|Any CPU.ActiveCfg = Release|Any CPU
		{3F367FBA-534D-0CD3-66A3-A4AE240DDFFA}.Release|Any CPU.Build.0 = Release|Any CPU
		{F137C975-4007-3A69-C954-C3E619BD8639}.Debug|Any CPU.ActiveCfg = Debug|Any CPU
		{F137C975-4007-3A69-C954-C3E619BD8639}.Debug|Any CPU.Build.0 = Debug|Any CPU
		{F137C975-4007-3A69-C954-C3E619BD8639}.Release|Any CPU.ActiveCfg = Release|Any CPU
		{F137C975-4007-3A69-C954-C3E619BD8639}.Release|Any CPU.Build.0 = Release|Any CPU
		{04FCF676-E626-059D-AEA1-316407B30ED0}.Debug|Any CPU.ActiveCfg = Debug|Any CPU
		{04FCF676-E626-059D-AEA1-316407B30ED0}.Debug|Any CPU.Build.0 = Debug|Any CPU
		{04FCF676-E626-059D-AEA1-316407B30ED0}.Release|Any CPU.ActiveCfg = Release|Any CPU
		{04FCF676-E626-059D-AEA1-316407B30ED0}.Release|Any CPU.Build.0 = Release|Any CPU
		{FBDB7CBB-CA08-369E-9B47-0B08F88FBCF2}.Debug|Any CPU.ActiveCfg = Debug|Any CPU
		{FBDB7CBB-CA08-369E-9B47-0B08F88FBCF2}.Debug|Any CPU.Build.0 = Debug|Any CPU
		{FBDB7CBB-CA08-369E-9B47-0B08F88FBCF2}.Release|Any CPU.ActiveCfg = Release|Any CPU
		{FBDB7CBB-CA08-369E-9B47-0B08F88FBCF2}.Release|Any CPU.Build.0 = Release|Any CPU
		{A8C264CB-DB54-C399-8799-883DF8196B86}.Debug|Any CPU.ActiveCfg = Debug|Any CPU
		{A8C264CB-DB54-C399-8799-883DF8196B86}.Debug|Any CPU.Build.0 = Debug|Any CPU
		{A8C264CB-DB54-C399-8799-883DF8196B86}.Release|Any CPU.ActiveCfg = Release|Any CPU
		{A8C264CB-DB54-C399-8799-883DF8196B86}.Release|Any CPU.Build.0 = Release|Any CPU
		{255164D0-0F13-72DA-001C-9935814D8AAC}.Debug|Any CPU.ActiveCfg = Debug|Any CPU
		{255164D0-0F13-72DA-001C-9935814D8AAC}.Debug|Any CPU.Build.0 = Debug|Any CPU
		{255164D0-0F13-72DA-001C-9935814D8AAC}.Release|Any CPU.ActiveCfg = Release|Any CPU
		{255164D0-0F13-72DA-001C-9935814D8AAC}.Release|Any CPU.Build.0 = Release|Any CPU
		{A435D718-F13E-5F37-8B90-A6549E0F5BA4}.Debug|Any CPU.ActiveCfg = Debug|Any CPU
		{A435D718-F13E-5F37-8B90-A6549E0F5BA4}.Debug|Any CPU.Build.0 = Debug|Any CPU
		{A435D718-F13E-5F37-8B90-A6549E0F5BA4}.Release|Any CPU.ActiveCfg = Release|Any CPU
		{A435D718-F13E-5F37-8B90-A6549E0F5BA4}.Release|Any CPU.Build.0 = Release|Any CPU
		{3BC20761-2D3A-5207-EA09-0E94AA2342FC}.Debug|Any CPU.ActiveCfg = Debug|Any CPU
		{3BC20761-2D3A-5207-EA09-0E94AA2342FC}.Debug|Any CPU.Build.0 = Debug|Any CPU
		{3BC20761-2D3A-5207-EA09-0E94AA2342FC}.Release|Any CPU.ActiveCfg = Release|Any CPU
		{3BC20761-2D3A-5207-EA09-0E94AA2342FC}.Release|Any CPU.Build.0 = Release|Any CPU
		{E8DA0638-7D5F-F787-7A39-A2BD1F8926BF}.Debug|Any CPU.ActiveCfg = Debug|Any CPU
		{E8DA0638-7D5F-F787-7A39-A2BD1F8926BF}.Debug|Any CPU.Build.0 = Debug|Any CPU
		{E8DA0638-7D5F-F787-7A39-A2BD1F8926BF}.Release|Any CPU.ActiveCfg = Release|Any CPU
		{E8DA0638-7D5F-F787-7A39-A2BD1F8926BF}.Release|Any CPU.Build.0 = Release|Any CPU
		{CE75ADD8-B287-7910-A961-1C3165415CFB}.Debug|Any CPU.ActiveCfg = Debug|Any CPU
		{CE75ADD8-B287-7910-A961-1C3165415CFB}.Debug|Any CPU.Build.0 = Debug|Any CPU
		{CE75ADD8-B287-7910-A961-1C3165415CFB}.Release|Any CPU.ActiveCfg = Release|Any CPU
		{CE75ADD8-B287-7910-A961-1C3165415CFB}.Release|Any CPU.Build.0 = Release|Any CPU
		{B37E1D10-D1E3-A709-ADB7-4D53DE983511}.Debug|Any CPU.ActiveCfg = Debug|Any CPU
		{B37E1D10-D1E3-A709-ADB7-4D53DE983511}.Debug|Any CPU.Build.0 = Debug|Any CPU
		{B37E1D10-D1E3-A709-ADB7-4D53DE983511}.Release|Any CPU.ActiveCfg = Release|Any CPU
		{B37E1D10-D1E3-A709-ADB7-4D53DE983511}.Release|Any CPU.Build.0 = Release|Any CPU
		{9FDC93AB-FC6C-700E-9248-5FEC50092DEE}.Debug|Any CPU.ActiveCfg = Debug|Any CPU
		{9FDC93AB-FC6C-700E-9248-5FEC50092DEE}.Debug|Any CPU.Build.0 = Debug|Any CPU
		{9FDC93AB-FC6C-700E-9248-5FEC50092DEE}.Release|Any CPU.ActiveCfg = Release|Any CPU
		{9FDC93AB-FC6C-700E-9248-5FEC50092DEE}.Release|Any CPU.Build.0 = Release|Any CPU
		{DBCE4277-5131-358B-4076-1D9D6A809690}.Debug|Any CPU.ActiveCfg = Debug|Any CPU
		{DBCE4277-5131-358B-4076-1D9D6A809690}.Debug|Any CPU.Build.0 = Debug|Any CPU
		{DBCE4277-5131-358B-4076-1D9D6A809690}.Release|Any CPU.ActiveCfg = Release|Any CPU
		{DBCE4277-5131-358B-4076-1D9D6A809690}.Release|Any CPU.Build.0 = Release|Any CPU
		{21A3BAD9-23F7-C123-F461-1777EF5D447F}.Debug|Any CPU.ActiveCfg = Debug|Any CPU
		{21A3BAD9-23F7-C123-F461-1777EF5D447F}.Debug|Any CPU.Build.0 = Debug|Any CPU
		{21A3BAD9-23F7-C123-F461-1777EF5D447F}.Release|Any CPU.ActiveCfg = Release|Any CPU
		{21A3BAD9-23F7-C123-F461-1777EF5D447F}.Release|Any CPU.Build.0 = Release|Any CPU
		{07379B57-DD2B-0B3C-3453-FAEE16E0DEC2}.Debug|Any CPU.ActiveCfg = Debug|Any CPU
		{07379B57-DD2B-0B3C-3453-FAEE16E0DEC2}.Debug|Any CPU.Build.0 = Debug|Any CPU
		{07379B57-DD2B-0B3C-3453-FAEE16E0DEC2}.Release|Any CPU.ActiveCfg = Release|Any CPU
		{07379B57-DD2B-0B3C-3453-FAEE16E0DEC2}.Release|Any CPU.Build.0 = Release|Any CPU
		{0FAE90FE-89BB-BB27-98FF-A10542BEE4C4}.Debug|Any CPU.ActiveCfg = Debug|Any CPU
		{0FAE90FE-89BB-BB27-98FF-A10542BEE4C4}.Debug|Any CPU.Build.0 = Debug|Any CPU
		{0FAE90FE-89BB-BB27-98FF-A10542BEE4C4}.Release|Any CPU.ActiveCfg = Release|Any CPU
		{0FAE90FE-89BB-BB27-98FF-A10542BEE4C4}.Release|Any CPU.Build.0 = Release|Any CPU
		{9425D7B4-279C-C1B9-3423-08396F07FCF4}.Debug|Any CPU.ActiveCfg = Debug|Any CPU
		{9425D7B4-279C-C1B9-3423-08396F07FCF4}.Debug|Any CPU.Build.0 = Debug|Any CPU
		{9425D7B4-279C-C1B9-3423-08396F07FCF4}.Release|Any CPU.ActiveCfg = Release|Any CPU
		{9425D7B4-279C-C1B9-3423-08396F07FCF4}.Release|Any CPU.Build.0 = Release|Any CPU
		{298FBA8B-962C-6C84-5390-80E4445903F1}.Debug|Any CPU.ActiveCfg = Debug|Any CPU
		{298FBA8B-962C-6C84-5390-80E4445903F1}.Debug|Any CPU.Build.0 = Debug|Any CPU
		{298FBA8B-962C-6C84-5390-80E4445903F1}.Release|Any CPU.ActiveCfg = Release|Any CPU
		{298FBA8B-962C-6C84-5390-80E4445903F1}.Release|Any CPU.Build.0 = Release|Any CPU
		{234DA569-8F27-B4DC-BBF7-AFBFFC072A13}.Debug|Any CPU.ActiveCfg = Debug|Any CPU
		{234DA569-8F27-B4DC-BBF7-AFBFFC072A13}.Debug|Any CPU.Build.0 = Debug|Any CPU
		{234DA569-8F27-B4DC-BBF7-AFBFFC072A13}.Release|Any CPU.ActiveCfg = Release|Any CPU
		{234DA569-8F27-B4DC-BBF7-AFBFFC072A13}.Release|Any CPU.Build.0 = Release|Any CPU
		{32F18D2E-E148-CC97-A982-F434E25D1538}.Debug|Any CPU.ActiveCfg = Debug|Any CPU
		{32F18D2E-E148-CC97-A982-F434E25D1538}.Debug|Any CPU.Build.0 = Debug|Any CPU
		{32F18D2E-E148-CC97-A982-F434E25D1538}.Release|Any CPU.ActiveCfg = Release|Any CPU
		{32F18D2E-E148-CC97-A982-F434E25D1538}.Release|Any CPU.Build.0 = Release|Any CPU
		{567C184F-4CC2-3E3E-5652-A89E456CF673}.Debug|Any CPU.ActiveCfg = Debug|Any CPU
		{567C184F-4CC2-3E3E-5652-A89E456CF673}.Debug|Any CPU.Build.0 = Debug|Any CPU
		{567C184F-4CC2-3E3E-5652-A89E456CF673}.Release|Any CPU.ActiveCfg = Release|Any CPU
		{567C184F-4CC2-3E3E-5652-A89E456CF673}.Release|Any CPU.Build.0 = Release|Any CPU
		{DBBF7CF1-F7FB-C131-6543-FA9D8A208E41}.Debug|Any CPU.ActiveCfg = Debug|Any CPU
		{DBBF7CF1-F7FB-C131-6543-FA9D8A208E41}.Debug|Any CPU.Build.0 = Debug|Any CPU
		{DBBF7CF1-F7FB-C131-6543-FA9D8A208E41}.Release|Any CPU.ActiveCfg = Release|Any CPU
		{DBBF7CF1-F7FB-C131-6543-FA9D8A208E41}.Release|Any CPU.Build.0 = Release|Any CPU
		{806C5A21-4141-C317-7EA2-1E148B065FC5}.Debug|Any CPU.ActiveCfg = Debug|Any CPU
		{806C5A21-4141-C317-7EA2-1E148B065FC5}.Debug|Any CPU.Build.0 = Debug|Any CPU
		{806C5A21-4141-C317-7EA2-1E148B065FC5}.Release|Any CPU.ActiveCfg = Release|Any CPU
		{806C5A21-4141-C317-7EA2-1E148B065FC5}.Release|Any CPU.Build.0 = Release|Any CPU
		{171AEE5B-8C61-2BAA-5756-90B3048848CB}.Debug|Any CPU.ActiveCfg = Debug|Any CPU
		{171AEE5B-8C61-2BAA-5756-90B3048848CB}.Debug|Any CPU.Build.0 = Debug|Any CPU
		{171AEE5B-8C61-2BAA-5756-90B3048848CB}.Release|Any CPU.ActiveCfg = Release|Any CPU
		{171AEE5B-8C61-2BAA-5756-90B3048848CB}.Release|Any CPU.Build.0 = Release|Any CPU
		{117040F7-44FB-AB6D-ABEB-23B1D1B3982C}.Debug|Any CPU.ActiveCfg = Debug|Any CPU
		{117040F7-44FB-AB6D-ABEB-23B1D1B3982C}.Debug|Any CPU.Build.0 = Debug|Any CPU
		{117040F7-44FB-AB6D-ABEB-23B1D1B3982C}.Release|Any CPU.ActiveCfg = Release|Any CPU
		{117040F7-44FB-AB6D-ABEB-23B1D1B3982C}.Release|Any CPU.Build.0 = Release|Any CPU
		{98800EEF-7AA2-1538-86FE-B43D66612702}.Debug|Any CPU.ActiveCfg = Debug|Any CPU
		{98800EEF-7AA2-1538-86FE-B43D66612702}.Debug|Any CPU.Build.0 = Debug|Any CPU
		{98800EEF-7AA2-1538-86FE-B43D66612702}.Release|Any CPU.ActiveCfg = Release|Any CPU
		{98800EEF-7AA2-1538-86FE-B43D66612702}.Release|Any CPU.Build.0 = Release|Any CPU
		{B3FA9D01-8225-DF47-C41C-15C5FB1B21A3}.Debug|Any CPU.ActiveCfg = Debug|Any CPU
		{B3FA9D01-8225-DF47-C41C-15C5FB1B21A3}.Debug|Any CPU.Build.0 = Debug|Any CPU
		{B3FA9D01-8225-DF47-C41C-15C5FB1B21A3}.Release|Any CPU.ActiveCfg = Release|Any CPU
		{B3FA9D01-8225-DF47-C41C-15C5FB1B21A3}.Release|Any CPU.Build.0 = Release|Any CPU
		{2AF9C047-1C1B-C7B2-9F7D-4E0CA61B3F62}.Debug|Any CPU.ActiveCfg = Debug|Any CPU
		{2AF9C047-1C1B-C7B2-9F7D-4E0CA61B3F62}.Debug|Any CPU.Build.0 = Debug|Any CPU
		{2AF9C047-1C1B-C7B2-9F7D-4E0CA61B3F62}.Release|Any CPU.ActiveCfg = Release|Any CPU
		{2AF9C047-1C1B-C7B2-9F7D-4E0CA61B3F62}.Release|Any CPU.Build.0 = Release|Any CPU
		{3BDE72FD-5525-7320-21EA-079D7D004E56}.Debug|Any CPU.ActiveCfg = Debug|Any CPU
		{3BDE72FD-5525-7320-21EA-079D7D004E56}.Debug|Any CPU.Build.0 = Debug|Any CPU
		{3BDE72FD-5525-7320-21EA-079D7D004E56}.Release|Any CPU.ActiveCfg = Release|Any CPU
		{3BDE72FD-5525-7320-21EA-079D7D004E56}.Release|Any CPU.Build.0 = Release|Any CPU
		{67439F8C-5741-39E2-8A96-F78C6CA98EC3}.Debug|Any CPU.ActiveCfg = Debug|Any CPU
		{67439F8C-5741-39E2-8A96-F78C6CA98EC3}.Debug|Any CPU.Build.0 = Debug|Any CPU
		{67439F8C-5741-39E2-8A96-F78C6CA98EC3}.Release|Any CPU.ActiveCfg = Release|Any CPU
		{67439F8C-5741-39E2-8A96-F78C6CA98EC3}.Release|Any CPU.Build.0 = Release|Any CPU
		{BC644AC8-67FF-FCA9-2A74-681846050CFB}.Debug|Any CPU.ActiveCfg = Debug|Any CPU
		{BC644AC8-67FF-FCA9-2A74-681846050CFB}.Debug|Any CPU.Build.0 = Debug|Any CPU
		{BC644AC8-67FF-FCA9-2A74-681846050CFB}.Release|Any CPU.ActiveCfg = Release|Any CPU
		{BC644AC8-67FF-FCA9-2A74-681846050CFB}.Release|Any CPU.Build.0 = Release|Any CPU
		{1B8A2F0C-E94F-D872-F2DB-B12D90D6345D}.Debug|Any CPU.ActiveCfg = Debug|Any CPU
		{1B8A2F0C-E94F-D872-F2DB-B12D90D6345D}.Debug|Any CPU.Build.0 = Debug|Any CPU
		{1B8A2F0C-E94F-D872-F2DB-B12D90D6345D}.Release|Any CPU.ActiveCfg = Release|Any CPU
		{1B8A2F0C-E94F-D872-F2DB-B12D90D6345D}.Release|Any CPU.Build.0 = Release|Any CPU
		{2EE3C1BB-2625-9FDE-32FB-865DAEFF962B}.Debug|Any CPU.ActiveCfg = Debug|Any CPU
		{2EE3C1BB-2625-9FDE-32FB-865DAEFF962B}.Debug|Any CPU.Build.0 = Debug|Any CPU
		{2EE3C1BB-2625-9FDE-32FB-865DAEFF962B}.Release|Any CPU.ActiveCfg = Release|Any CPU
		{2EE3C1BB-2625-9FDE-32FB-865DAEFF962B}.Release|Any CPU.Build.0 = Release|Any CPU
		{1CF16E41-76DC-CE4B-C0F4-A9FDE17CFEE3}.Debug|Any CPU.ActiveCfg = Debug|Any CPU
		{1CF16E41-76DC-CE4B-C0F4-A9FDE17CFEE3}.Debug|Any CPU.Build.0 = Debug|Any CPU
		{1CF16E41-76DC-CE4B-C0F4-A9FDE17CFEE3}.Release|Any CPU.ActiveCfg = Release|Any CPU
		{1CF16E41-76DC-CE4B-C0F4-A9FDE17CFEE3}.Release|Any CPU.Build.0 = Release|Any CPU
		{F3CE172D-A106-A433-A271-98F1FD694145}.Debug|Any CPU.ActiveCfg = Debug|Any CPU
		{F3CE172D-A106-A433-A271-98F1FD694145}.Debug|Any CPU.Build.0 = Debug|Any CPU
		{F3CE172D-A106-A433-A271-98F1FD694145}.Release|Any CPU.ActiveCfg = Release|Any CPU
		{F3CE172D-A106-A433-A271-98F1FD694145}.Release|Any CPU.Build.0 = Release|Any CPU
		{935E0397-76E6-C8D7-DEB8-5A43B7145104}.Debug|Any CPU.ActiveCfg = Debug|Any CPU
		{935E0397-76E6-C8D7-DEB8-5A43B7145104}.Debug|Any CPU.Build.0 = Debug|Any CPU
		{935E0397-76E6-C8D7-DEB8-5A43B7145104}.Release|Any CPU.ActiveCfg = Release|Any CPU
		{935E0397-76E6-C8D7-DEB8-5A43B7145104}.Release|Any CPU.Build.0 = Release|Any CPU
		{C1DDB3B8-15DF-4101-7A56-9B24BC0D6DF2}.Debug|Any CPU.ActiveCfg = Debug|Any CPU
		{C1DDB3B8-15DF-4101-7A56-9B24BC0D6DF2}.Debug|Any CPU.Build.0 = Debug|Any CPU
		{C1DDB3B8-15DF-4101-7A56-9B24BC0D6DF2}.Release|Any CPU.ActiveCfg = Release|Any CPU
		{C1DDB3B8-15DF-4101-7A56-9B24BC0D6DF2}.Release|Any CPU.Build.0 = Release|Any CPU
		{0C0060AF-4EFD-E008-1E35-EE7F5BA0EF17}.Debug|Any CPU.ActiveCfg = Debug|Any CPU
		{0C0060AF-4EFD-E008-1E35-EE7F5BA0EF17}.Debug|Any CPU.Build.0 = Debug|Any CPU
		{0C0060AF-4EFD-E008-1E35-EE7F5BA0EF17}.Release|Any CPU.ActiveCfg = Release|Any CPU
		{0C0060AF-4EFD-E008-1E35-EE7F5BA0EF17}.Release|Any CPU.Build.0 = Release|Any CPU
		{036844E2-576C-D178-1363-D345832B9B10}.Debug|Any CPU.ActiveCfg = Debug|Any CPU
		{036844E2-576C-D178-1363-D345832B9B10}.Debug|Any CPU.Build.0 = Debug|Any CPU
		{036844E2-576C-D178-1363-D345832B9B10}.Release|Any CPU.ActiveCfg = Release|Any CPU
		{036844E2-576C-D178-1363-D345832B9B10}.Release|Any CPU.Build.0 = Release|Any CPU
		{EE81EB19-91F6-F482-C45E-5E4B37A3F7A0}.Debug|Any CPU.ActiveCfg = Debug|Any CPU
		{EE81EB19-91F6-F482-C45E-5E4B37A3F7A0}.Debug|Any CPU.Build.0 = Debug|Any CPU
		{EE81EB19-91F6-F482-C45E-5E4B37A3F7A0}.Release|Any CPU.ActiveCfg = Release|Any CPU
		{EE81EB19-91F6-F482-C45E-5E4B37A3F7A0}.Release|Any CPU.Build.0 = Release|Any CPU
		{36E81338-7B55-A67D-E3DD-3F6F243B4B8E}.Debug|Any CPU.ActiveCfg = Debug|Any CPU
		{36E81338-7B55-A67D-E3DD-3F6F243B4B8E}.Debug|Any CPU.Build.0 = Debug|Any CPU
		{36E81338-7B55-A67D-E3DD-3F6F243B4B8E}.Release|Any CPU.ActiveCfg = Release|Any CPU
		{36E81338-7B55-A67D-E3DD-3F6F243B4B8E}.Release|Any CPU.Build.0 = Release|Any CPU
		{47607FDC-4A49-922A-5519-D1C2BCDC155D}.Debug|Any CPU.ActiveCfg = Debug|Any CPU
		{47607FDC-4A49-922A-5519-D1C2BCDC155D}.Debug|Any CPU.Build.0 = Debug|Any CPU
		{47607FDC-4A49-922A-5519-D1C2BCDC155D}.Release|Any CPU.ActiveCfg = Release|Any CPU
		{47607FDC-4A49-922A-5519-D1C2BCDC155D}.Release|Any CPU.Build.0 = Release|Any CPU
		{12B987E6-5D18-5BB0-FF41-2310129E00AA}.Debug|Any CPU.ActiveCfg = Debug|Any CPU
		{12B987E6-5D18-5BB0-FF41-2310129E00AA}.Debug|Any CPU.Build.0 = Debug|Any CPU
		{12B987E6-5D18-5BB0-FF41-2310129E00AA}.Release|Any CPU.ActiveCfg = Release|Any CPU
		{12B987E6-5D18-5BB0-FF41-2310129E00AA}.Release|Any CPU.Build.0 = Release|Any CPU
		{508CD4F4-A9FD-A2B4-B2B8-22615CD4E83B}.Debug|Any CPU.ActiveCfg = Debug|Any CPU
		{508CD4F4-A9FD-A2B4-B2B8-22615CD4E83B}.Debug|Any CPU.Build.0 = Debug|Any CPU
		{508CD4F4-A9FD-A2B4-B2B8-22615CD4E83B}.Release|Any CPU.ActiveCfg = Release|Any CPU
		{508CD4F4-A9FD-A2B4-B2B8-22615CD4E83B}.Release|Any CPU.Build.0 = Release|Any CPU
		{EAC87600-A7DB-08BF-B0B4-E6DB55761430}.Debug|Any CPU.ActiveCfg = Debug|Any CPU
		{EAC87600-A7DB-08BF-B0B4-E6DB55761430}.Debug|Any CPU.Build.0 = Debug|Any CPU
		{EAC87600-A7DB-08BF-B0B4-E6DB55761430}.Release|Any CPU.ActiveCfg = Release|Any CPU
		{EAC87600-A7DB-08BF-B0B4-E6DB55761430}.Release|Any CPU.Build.0 = Release|Any CPU
		{B15CC786-EAAB-8C98-F785-3BCB72AF28E3}.Debug|Any CPU.ActiveCfg = Debug|Any CPU
		{B15CC786-EAAB-8C98-F785-3BCB72AF28E3}.Debug|Any CPU.Build.0 = Debug|Any CPU
		{B15CC786-EAAB-8C98-F785-3BCB72AF28E3}.Release|Any CPU.ActiveCfg = Release|Any CPU
		{B15CC786-EAAB-8C98-F785-3BCB72AF28E3}.Release|Any CPU.Build.0 = Release|Any CPU
		{18DB1AE2-D6DC-2176-F86F-A7143A8F3348}.Debug|Any CPU.ActiveCfg = Debug|Any CPU
		{18DB1AE2-D6DC-2176-F86F-A7143A8F3348}.Debug|Any CPU.Build.0 = Debug|Any CPU
		{18DB1AE2-D6DC-2176-F86F-A7143A8F3348}.Release|Any CPU.ActiveCfg = Release|Any CPU
		{18DB1AE2-D6DC-2176-F86F-A7143A8F3348}.Release|Any CPU.Build.0 = Release|Any CPU
		{053BAF94-431C-7CDB-5D56-0AFBC813D084}.Debug|Any CPU.ActiveCfg = Debug|Any CPU
		{053BAF94-431C-7CDB-5D56-0AFBC813D084}.Debug|Any CPU.Build.0 = Debug|Any CPU
		{053BAF94-431C-7CDB-5D56-0AFBC813D084}.Release|Any CPU.ActiveCfg = Release|Any CPU
		{053BAF94-431C-7CDB-5D56-0AFBC813D084}.Release|Any CPU.Build.0 = Release|Any CPU
		{0B665440-B197-242B-F36D-A1C13E2876CB}.Debug|Any CPU.ActiveCfg = Debug|Any CPU
		{0B665440-B197-242B-F36D-A1C13E2876CB}.Debug|Any CPU.Build.0 = Debug|Any CPU
		{0B665440-B197-242B-F36D-A1C13E2876CB}.Release|Any CPU.ActiveCfg = Release|Any CPU
		{0B665440-B197-242B-F36D-A1C13E2876CB}.Release|Any CPU.Build.0 = Release|Any CPU
		{9A063CFC-799C-A082-E158-F3BE55884C9E}.Debug|Any CPU.ActiveCfg = Debug|Any CPU
		{9A063CFC-799C-A082-E158-F3BE55884C9E}.Debug|Any CPU.Build.0 = Debug|Any CPU
		{9A063CFC-799C-A082-E158-F3BE55884C9E}.Release|Any CPU.ActiveCfg = Release|Any CPU
		{9A063CFC-799C-A082-E158-F3BE55884C9E}.Release|Any CPU.Build.0 = Release|Any CPU
		{62635608-A0E5-2EA8-C929-A2094186BE9A}.Debug|Any CPU.ActiveCfg = Debug|Any CPU
		{62635608-A0E5-2EA8-C929-A2094186BE9A}.Debug|Any CPU.Build.0 = Debug|Any CPU
		{62635608-A0E5-2EA8-C929-A2094186BE9A}.Release|Any CPU.ActiveCfg = Release|Any CPU
		{62635608-A0E5-2EA8-C929-A2094186BE9A}.Release|Any CPU.Build.0 = Release|Any CPU
		{6F4E25DB-A8C3-BBAD-EB79-2001C252F489}.Debug|Any CPU.ActiveCfg = Debug|Any CPU
		{6F4E25DB-A8C3-BBAD-EB79-2001C252F489}.Debug|Any CPU.Build.0 = Debug|Any CPU
		{6F4E25DB-A8C3-BBAD-EB79-2001C252F489}.Release|Any CPU.ActiveCfg = Release|Any CPU
		{6F4E25DB-A8C3-BBAD-EB79-2001C252F489}.Release|Any CPU.Build.0 = Release|Any CPU
		{988B7515-D621-E8B3-BBDA-2729D1A33443}.Debug|Any CPU.ActiveCfg = Debug|Any CPU
		{988B7515-D621-E8B3-BBDA-2729D1A33443}.Debug|Any CPU.Build.0 = Debug|Any CPU
		{988B7515-D621-E8B3-BBDA-2729D1A33443}.Release|Any CPU.ActiveCfg = Release|Any CPU
		{988B7515-D621-E8B3-BBDA-2729D1A33443}.Release|Any CPU.Build.0 = Release|Any CPU
		{16E229AD-0C84-E075-E063-08857929046E}.Debug|Any CPU.ActiveCfg = Debug|Any CPU
		{16E229AD-0C84-E075-E063-08857929046E}.Debug|Any CPU.Build.0 = Debug|Any CPU
		{16E229AD-0C84-E075-E063-08857929046E}.Release|Any CPU.ActiveCfg = Release|Any CPU
		{16E229AD-0C84-E075-E063-08857929046E}.Release|Any CPU.Build.0 = Release|Any CPU
		{C51EE76B-B925-960F-0E08-6A7CA902815A}.Debug|Any CPU.ActiveCfg = Debug|Any CPU
		{C51EE76B-B925-960F-0E08-6A7CA902815A}.Debug|Any CPU.Build.0 = Debug|Any CPU
		{C51EE76B-B925-960F-0E08-6A7CA902815A}.Release|Any CPU.ActiveCfg = Release|Any CPU
		{C51EE76B-B925-960F-0E08-6A7CA902815A}.Release|Any CPU.Build.0 = Release|Any CPU
		{C57F3ABB-79AB-BAC4-4D7B-8E1D7DE19D4F}.Debug|Any CPU.ActiveCfg = Debug|Any CPU
		{C57F3ABB-79AB-BAC4-4D7B-8E1D7DE19D4F}.Debug|Any CPU.Build.0 = Debug|Any CPU
		{C57F3ABB-79AB-BAC4-4D7B-8E1D7DE19D4F}.Release|Any CPU.ActiveCfg = Release|Any CPU
		{C57F3ABB-79AB-BAC4-4D7B-8E1D7DE19D4F}.Release|Any CPU.Build.0 = Release|Any CPU
		{00287BEC-FDEB-DB7B-6204-E164D8EE817F}.Debug|Any CPU.ActiveCfg = Debug|Any CPU
		{00287BEC-FDEB-DB7B-6204-E164D8EE817F}.Debug|Any CPU.Build.0 = Debug|Any CPU
		{00287BEC-FDEB-DB7B-6204-E164D8EE817F}.Release|Any CPU.ActiveCfg = Release|Any CPU
		{00287BEC-FDEB-DB7B-6204-E164D8EE817F}.Release|Any CPU.Build.0 = Release|Any CPU
		{A8F7E430-85B8-7B1F-E20F-A2F04F3AC359}.Debug|Any CPU.ActiveCfg = Debug|Any CPU
		{A8F7E430-85B8-7B1F-E20F-A2F04F3AC359}.Debug|Any CPU.Build.0 = Debug|Any CPU
		{A8F7E430-85B8-7B1F-E20F-A2F04F3AC359}.Release|Any CPU.ActiveCfg = Release|Any CPU
		{A8F7E430-85B8-7B1F-E20F-A2F04F3AC359}.Release|Any CPU.Build.0 = Release|Any CPU
		{45112611-0572-459E-6A07-29695354360A}.Debug|Any CPU.ActiveCfg = Debug|Any CPU
		{45112611-0572-459E-6A07-29695354360A}.Debug|Any CPU.Build.0 = Debug|Any CPU
		{45112611-0572-459E-6A07-29695354360A}.Release|Any CPU.ActiveCfg = Release|Any CPU
		{45112611-0572-459E-6A07-29695354360A}.Release|Any CPU.Build.0 = Release|Any CPU
		{8BBD45C8-99B7-2E8B-15F5-35DDD170D9DC}.Debug|Any CPU.ActiveCfg = Debug|Any CPU
		{8BBD45C8-99B7-2E8B-15F5-35DDD170D9DC}.Debug|Any CPU.Build.0 = Debug|Any CPU
		{8BBD45C8-99B7-2E8B-15F5-35DDD170D9DC}.Release|Any CPU.ActiveCfg = Release|Any CPU
		{8BBD45C8-99B7-2E8B-15F5-35DDD170D9DC}.Release|Any CPU.Build.0 = Release|Any CPU
		{2BB7DDE2-D0B8-FFCC-928E-02C6BADF5DE6}.Debug|Any CPU.ActiveCfg = Debug|Any CPU
		{2BB7DDE2-D0B8-FFCC-928E-02C6BADF5DE6}.Debug|Any CPU.Build.0 = Debug|Any CPU
		{2BB7DDE2-D0B8-FFCC-928E-02C6BADF5DE6}.Release|Any CPU.ActiveCfg = Release|Any CPU
		{2BB7DDE2-D0B8-FFCC-928E-02C6BADF5DE6}.Release|Any CPU.Build.0 = Release|Any CPU
	EndGlobalSection
	GlobalSection(SolutionProperties) = preSolution
		HideSolutionNode = FALSE
	EndGlobalSection
EndGlobal
